
Microsoft Visual Studio Solution File, Format Version 12.00
# Visual Studio 2013
VisualStudioVersion = 12.0.40629.0
MinimumVisualStudioVersion = 10.0.40219.1
Project("{2150E333-8FDC-42A3-9474-1A3956D46DE8}") = "Buckland_Chapter2-State Machines", "Buckland_Chapter2-State Machines", "{F434B9B0-A2E1-4D9C-99C0-8EDD7C1EE8CA}"
EndProject
Project("{2150E333-8FDC-42A3-9474-1A3956D46DE8}") = "Buckland_Chapter3-Steering Behaviors", "Buckland_Chapter3-Steering Behaviors", "{818E2BF2-A7F4-449E-B9EE-C9633179A028}"
EndProject
Project("{2150E333-8FDC-42A3-9474-1A3956D46DE8}") = "Buckland_Chapter4-SimpleSoccer", "Buckland_Chapter4-SimpleSoccer", "{44CEA7AB-1E0B-49B9-A54E-E89B8CDE59D5}"
EndProject
Project("{2150E333-8FDC-42A3-9474-1A3956D46DE8}") = "Buckland_Chapter5-Pathfinder", "Buckland_Chapter5-Pathfinder", "{D5D3BF36-9E5E-4342-A209-CB07B8F01273}"
EndProject
Project("{2150E333-8FDC-42A3-9474-1A3956D46DE8}") = "Buckland_Chapter6_Scripting_Source", "Buckland_Chapter6_Scripting_Source", "{3E9C09CB-226E-4553-BA67-36D4A61CD023}"
EndProject
Project("{2150E333-8FDC-42A3-9474-1A3956D46DE8}") = "Buckland_Chapter7 to 10_Raven", "Buckland_Chapter7 to 10_Raven", "{C5C883AD-C9F0-4DF2-8ECE-76B0383F532D}"
EndProject
Project("{8BC9CEB8-8B4A-11D0-8D11-00A0C91BC942}") = "WestWorld1", "Buckland_Chapter2-State Machines\WestWorld1\WestWorld1.vcxproj", "{801E6C0B-E5F1-4028-81EF-174CCC80F192}"
EndProject
Project("{8BC9CEB8-8B4A-11D0-8D11-00A0C91BC942}") = "WestWorldWithMessaging", "Buckland_Chapter2-State Machines\WestWorldWithMessaging\WestWorldWithMessaging.vcxproj", "{33FC51A0-0404-4DF8-A70F-8026FFE91590}"
EndProject
Project("{8BC9CEB8-8B4A-11D0-8D11-00A0C91BC942}") = "WestWorldWithWoman", "Buckland_Chapter2-State Machines\WestWorldWithWoman\WestWorldWithWoman.vcxproj", "{B9886C42-CD2B-447D-BDE5-15656B8625B1}"
EndProject
Project("{8BC9CEB8-8B4A-11D0-8D11-00A0C91BC942}") = "Steering", "Buckland_Chapter3-Steering Behaviors\Steering.vcxproj", "{85E45450-F9B0-4330-8DB5-323A4F8ADCF7}"
EndProject
Project("{8BC9CEB8-8B4A-11D0-8D11-00A0C91BC942}") = "SimpleSoccer", "Buckland_Chapter4-SimpleSoccer\SimpleSoccer.vcxproj", "{692C7200-66E1-4D8C-B91B-EBFFE0FE89BD}"
EndProject
Project("{8BC9CEB8-8B4A-11D0-8D11-00A0C91BC942}") = "Pathfinder", "Buckland_Chapter5-Pathfinder\Pathfinder.vcxproj", "{6BAEF58C-B764-438E-A5AE-C7037B9E3529}"
EndProject
Project("{8BC9CEB8-8B4A-11D0-8D11-00A0C91BC942}") = "cpp_using_lua", "Buckland_Chapter6_Scripting_Source\cpp_using_lua\cpp_using_lua.vcxproj", "{FA7873BD-4AA9-4DDA-9918-CEA632B0EE61}"
EndProject
Project("{8BC9CEB8-8B4A-11D0-8D11-00A0C91BC942}") = "StartHere", "Buckland_Chapter6_Scripting_Source\StartHere\StartHere.vcxproj", "{68C3F893-F7AB-40D0-8B3E-E20066367D2A}"
EndProject
Project("{8BC9CEB8-8B4A-11D0-8D11-00A0C91BC942}") = "lua_using_cpp", "Buckland_Chapter6_Scripting_Source\lua_using_cpp\lua_using_cpp.vcxproj", "{BED89669-175B-42C9-8EFD-3F2B4C3F8AD0}"
EndProject
Project("{8BC9CEB8-8B4A-11D0-8D11-00A0C91BC942}") = "CreatingClassesUsingLuabind", "Buckland_Chapter6_Scripting_Source\CreatingClassesUsingLuabind\CreatingClassesUsingLuabind.vcxproj", "{DFC3F004-08A2-42F5-BBDE-D81A96ABC31C}"
EndProject
Project("{8BC9CEB8-8B4A-11D0-8D11-00A0C91BC942}") = "ExposingCPPClassesUsingLuabind", "Buckland_Chapter6_Scripting_Source\ExposingCPPClassesUsingLuabind\ExposingCPPClassesUsingLuabind.vcxproj", "{4A021179-8DCD-4AF8-9958-0F29A510CF5F}"
EndProject
Project("{8BC9CEB8-8B4A-11D0-8D11-00A0C91BC942}") = "ExposingCPPFunctionsUsingLuabind", "Buckland_Chapter6_Scripting_Source\ExposingCPPFunctionsUsingLuabind\ExposingCPPFunctionsUsingLuabind.vcxproj", "{C591A0AB-71B5-4591-91B4-1567C85D93A4}"
EndProject
Global
	GlobalSection(SolutionConfigurationPlatforms) = preSolution
		Debug|Win32 = Debug|Win32
		Release|Win32 = Release|Win32
		Template|Win32 = Template|Win32
	EndGlobalSection
	GlobalSection(ProjectConfigurationPlatforms) = postSolution
		{801E6C0B-E5F1-4028-81EF-174CCC80F192}.Debug|Win32.ActiveCfg = Debug|Win32
		{801E6C0B-E5F1-4028-81EF-174CCC80F192}.Debug|Win32.Build.0 = Debug|Win32
		{801E6C0B-E5F1-4028-81EF-174CCC80F192}.Release|Win32.ActiveCfg = Release|Win32
		{801E6C0B-E5F1-4028-81EF-174CCC80F192}.Release|Win32.Build.0 = Release|Win32
		{801E6C0B-E5F1-4028-81EF-174CCC80F192}.Template|Win32.ActiveCfg = Release|Win32
		{801E6C0B-E5F1-4028-81EF-174CCC80F192}.Template|Win32.Build.0 = Release|Win32
		{33FC51A0-0404-4DF8-A70F-8026FFE91590}.Debug|Win32.ActiveCfg = Debug|Win32
		{33FC51A0-0404-4DF8-A70F-8026FFE91590}.Debug|Win32.Build.0 = Debug|Win32
		{33FC51A0-0404-4DF8-A70F-8026FFE91590}.Release|Win32.ActiveCfg = Release|Win32
		{33FC51A0-0404-4DF8-A70F-8026FFE91590}.Release|Win32.Build.0 = Release|Win32
		{33FC51A0-0404-4DF8-A70F-8026FFE91590}.Template|Win32.ActiveCfg = Release|Win32
		{33FC51A0-0404-4DF8-A70F-8026FFE91590}.Template|Win32.Build.0 = Release|Win32
		{B9886C42-CD2B-447D-BDE5-15656B8625B1}.Debug|Win32.ActiveCfg = Debug|Win32
		{B9886C42-CD2B-447D-BDE5-15656B8625B1}.Debug|Win32.Build.0 = Debug|Win32
		{B9886C42-CD2B-447D-BDE5-15656B8625B1}.Release|Win32.ActiveCfg = Release|Win32
		{B9886C42-CD2B-447D-BDE5-15656B8625B1}.Release|Win32.Build.0 = Release|Win32
		{B9886C42-CD2B-447D-BDE5-15656B8625B1}.Template|Win32.ActiveCfg = Release|Win32
		{B9886C42-CD2B-447D-BDE5-15656B8625B1}.Template|Win32.Build.0 = Release|Win32
		{85E45450-F9B0-4330-8DB5-323A4F8ADCF7}.Debug|Win32.ActiveCfg = Debug|Win32
		{85E45450-F9B0-4330-8DB5-323A4F8ADCF7}.Debug|Win32.Build.0 = Debug|Win32
		{85E45450-F9B0-4330-8DB5-323A4F8ADCF7}.Release|Win32.ActiveCfg = Release|Win32
		{85E45450-F9B0-4330-8DB5-323A4F8ADCF7}.Release|Win32.Build.0 = Release|Win32
		{85E45450-F9B0-4330-8DB5-323A4F8ADCF7}.Template|Win32.ActiveCfg = Release|Win32
		{85E45450-F9B0-4330-8DB5-323A4F8ADCF7}.Template|Win32.Build.0 = Release|Win32
		{692C7200-66E1-4D8C-B91B-EBFFE0FE89BD}.Debug|Win32.ActiveCfg = Debug|Win32
		{692C7200-66E1-4D8C-B91B-EBFFE0FE89BD}.Debug|Win32.Build.0 = Debug|Win32
		{692C7200-66E1-4D8C-B91B-EBFFE0FE89BD}.Release|Win32.ActiveCfg = Release|Win32
		{692C7200-66E1-4D8C-B91B-EBFFE0FE89BD}.Release|Win32.Build.0 = Release|Win32
		{692C7200-66E1-4D8C-B91B-EBFFE0FE89BD}.Template|Win32.ActiveCfg = Release|Win32
		{692C7200-66E1-4D8C-B91B-EBFFE0FE89BD}.Template|Win32.Build.0 = Release|Win32
		{6BAEF58C-B764-438E-A5AE-C7037B9E3529}.Debug|Win32.ActiveCfg = Debug|Win32
		{6BAEF58C-B764-438E-A5AE-C7037B9E3529}.Debug|Win32.Build.0 = Debug|Win32
		{6BAEF58C-B764-438E-A5AE-C7037B9E3529}.Release|Win32.ActiveCfg = Release|Win32
		{6BAEF58C-B764-438E-A5AE-C7037B9E3529}.Release|Win32.Build.0 = Release|Win32
		{6BAEF58C-B764-438E-A5AE-C7037B9E3529}.Template|Win32.ActiveCfg = Release|Win32
		{6BAEF58C-B764-438E-A5AE-C7037B9E3529}.Template|Win32.Build.0 = Release|Win32
		{FA7873BD-4AA9-4DDA-9918-CEA632B0EE61}.Debug|Win32.ActiveCfg = Debug|Win32
		{FA7873BD-4AA9-4DDA-9918-CEA632B0EE61}.Debug|Win32.Build.0 = Debug|Win32
		{FA7873BD-4AA9-4DDA-9918-CEA632B0EE61}.Release|Win32.ActiveCfg = Release|Win32
		{FA7873BD-4AA9-4DDA-9918-CEA632B0EE61}.Release|Win32.Build.0 = Release|Win32
		{FA7873BD-4AA9-4DDA-9918-CEA632B0EE61}.Template|Win32.ActiveCfg = Release|Win32
		{FA7873BD-4AA9-4DDA-9918-CEA632B0EE61}.Template|Win32.Build.0 = Release|Win32
		{68C3F893-F7AB-40D0-8B3E-E20066367D2A}.Debug|Win32.ActiveCfg = Debug|Win32
		{68C3F893-F7AB-40D0-8B3E-E20066367D2A}.Debug|Win32.Build.0 = Debug|Win32
		{68C3F893-F7AB-40D0-8B3E-E20066367D2A}.Release|Win32.ActiveCfg = Release|Win32
		{68C3F893-F7AB-40D0-8B3E-E20066367D2A}.Release|Win32.Build.0 = Release|Win32
		{68C3F893-F7AB-40D0-8B3E-E20066367D2A}.Template|Win32.ActiveCfg = Release|Win32
		{68C3F893-F7AB-40D0-8B3E-E20066367D2A}.Template|Win32.Build.0 = Release|Win32
		{BED89669-175B-42C9-8EFD-3F2B4C3F8AD0}.Debug|Win32.ActiveCfg = Debug|Win32
		{BED89669-175B-42C9-8EFD-3F2B4C3F8AD0}.Debug|Win32.Build.0 = Debug|Win32
		{BED89669-175B-42C9-8EFD-3F2B4C3F8AD0}.Release|Win32.ActiveCfg = Release|Win32
		{BED89669-175B-42C9-8EFD-3F2B4C3F8AD0}.Release|Win32.Build.0 = Release|Win32
		{BED89669-175B-42C9-8EFD-3F2B4C3F8AD0}.Template|Win32.ActiveCfg = Release|Win32
		{BED89669-175B-42C9-8EFD-3F2B4C3F8AD0}.Template|Win32.Build.0 = Release|Win32
		{DFC3F004-08A2-42F5-BBDE-D81A96ABC31C}.Debug|Win32.ActiveCfg = Debug|Win32
		{DFC3F004-08A2-42F5-BBDE-D81A96ABC31C}.Debug|Win32.Build.0 = Debug|Win32
		{DFC3F004-08A2-42F5-BBDE-D81A96ABC31C}.Release|Win32.ActiveCfg = Release|Win32
		{DFC3F004-08A2-42F5-BBDE-D81A96ABC31C}.Release|Win32.Build.0 = Release|Win32
		{DFC3F004-08A2-42F5-BBDE-D81A96ABC31C}.Template|Win32.ActiveCfg = Release|Win32
		{DFC3F004-08A2-42F5-BBDE-D81A96ABC31C}.Template|Win32.Build.0 = Release|Win32
		{4A021179-8DCD-4AF8-9958-0F29A510CF5F}.Debug|Win32.ActiveCfg = Debug|Win32
		{4A021179-8DCD-4AF8-9958-0F29A510CF5F}.Debug|Win32.Build.0 = Debug|Win32
		{4A021179-8DCD-4AF8-9958-0F29A510CF5F}.Release|Win32.ActiveCfg = Release|Win32
		{4A021179-8DCD-4AF8-9958-0F29A510CF5F}.Release|Win32.Build.0 = Release|Win32
		{4A021179-8DCD-4AF8-9958-0F29A510CF5F}.Template|Win32.ActiveCfg = Release|Win32
		{4A021179-8DCD-4AF8-9958-0F29A510CF5F}.Template|Win32.Build.0 = Release|Win32
		{C591A0AB-71B5-4591-91B4-1567C85D93A4}.Debug|Win32.ActiveCfg = Debug|Win32
		{C591A0AB-71B5-4591-91B4-1567C85D93A4}.Debug|Win32.Build.0 = Debug|Win32
		{C591A0AB-71B5-4591-91B4-1567C85D93A4}.Release|Win32.ActiveCfg = Release|Win32
		{C591A0AB-71B5-4591-91B4-1567C85D93A4}.Release|Win32.Build.0 = Release|Win32
		{C591A0AB-71B5-4591-91B4-1567C85D93A4}.Template|Win32.ActiveCfg = Release|Win32
		{C591A0AB-71B5-4591-91B4-1567C85D93A4}.Template|Win32.Build.0 = Release|Win32
	EndGlobalSection
	GlobalSection(SolutionProperties) = preSolution
		HideSolutionNode = FALSE
	EndGlobalSection
	GlobalSection(NestedProjects) = preSolution
		{801E6C0B-E5F1-4028-81EF-174CCC80F192} = {F434B9B0-A2E1-4D9C-99C0-8EDD7C1EE8CA}
		{33FC51A0-0404-4DF8-A70F-8026FFE91590} = {F434B9B0-A2E1-4D9C-99C0-8EDD7C1EE8CA}
		{B9886C42-CD2B-447D-BDE5-15656B8625B1} = {F434B9B0-A2E1-4D9C-99C0-8EDD7C1EE8CA}
		{85E45450-F9B0-4330-8DB5-323A4F8ADCF7} = {818E2BF2-A7F4-449E-B9EE-C9633179A028}
		{692C7200-66E1-4D8C-B91B-EBFFE0FE89BD} = {44CEA7AB-1E0B-49B9-A54E-E89B8CDE59D5}
		{6BAEF58C-B764-438E-A5AE-C7037B9E3529} = {D5D3BF36-9E5E-4342-A209-CB07B8F01273}
		{FA7873BD-4AA9-4DDA-9918-CEA632B0EE61} = {3E9C09CB-226E-4553-BA67-36D4A61CD023}
		{68C3F893-F7AB-40D0-8B3E-E20066367D2A} = {3E9C09CB-226E-4553-BA67-36D4A61CD023}
		{BED89669-175B-42C9-8EFD-3F2B4C3F8AD0} = {3E9C09CB-226E-4553-BA67-36D4A61CD023}
		{DFC3F004-08A2-42F5-BBDE-D81A96ABC31C} = {3E9C09CB-226E-4553-BA67-36D4A61CD023}
		{4A021179-8DCD-4AF8-9958-0F29A510CF5F} = {3E9C09CB-226E-4553-BA67-36D4A61CD023}
		{C591A0AB-71B5-4591-91B4-1567C85D93A4} = {3E9C09CB-226E-4553-BA67-36D4A61CD023}
	EndGlobalSection
	GlobalSection(TestCaseManagementSettings) = postSolution
		CategoryFile = Test_Project.vsmdi
	EndGlobalSection
EndGlobal
