<?xml version="1.0" encoding="utf-8"?>
<Project ToolsVersion="4.0" xmlns="http://schemas.microsoft.com/developer/msbuild/2003">
  <ItemGroup>
    <Filter Include="Source Files">
      <UniqueIdentifier>{4FC737F1-C7A5-4376-A066-2A32D752A2FF}</UniqueIdentifier>
      <Extensions>cpp;c;cc;cxx;def;odl;idl;hpj;bat;asm;asmx</Extensions>
    </Filter>
    <Filter Include="Header Files">
      <UniqueIdentifier>{93995380-89BD-4b04-88EB-625FBE52EBFB}</UniqueIdentifier>
      <Extensions>h;hh;hpp;hxx;hm;inl;inc;xsd</Extensions>
    </Filter>
    <Filter Include="Resource Files">
      <UniqueIdentifier>{67DA6AB6-F800-4c08-8B7A-83BB121AAD01}</UniqueIdentifier>
      <Extensions>rc;ico;cur;bmp;dlg;rc2;rct;bin;rgs;gif;jpg;jpeg;jpe;resx;tiff;tif;png;wav;mfcribbon-ms</Extensions>
    </Filter>
  </ItemGroup>
  <ItemGroup>
    <ClCompile Include="..\Common\2D\Vector2d.cpp">
      <Filter>Source Files</Filter>
    </ClCompile>
    <ClCompile Include="..\Common\Debug\DebugConsole.cpp">
      <Filter>Source Files</Filter>
    </ClCompile>
    <ClCompile Include="..\Common\fuzzy\FuzzyModule.cpp">
      <Filter>Source Files</Filter>
    </ClCompile>
    <ClCompile Include="..\Common\fuzzy\FuzzyOperators.cpp">
      <Filter>Source Files</Filter>
    </ClCompile>
    <ClCompile Include="..\Common\fuzzy\FuzzySet_LeftShoulder.cpp">
      <Filter>Source Files</Filter>
    </ClCompile>
    <ClCompile Include="..\Common\fuzzy\FuzzySet_RightShoulder.cpp">
      <Filter>Source Files</Filter>
    </ClCompile>
    <ClCompile Include="..\Common\fuzzy\FuzzySet_Singleton.cpp">
      <Filter>Source Files</Filter>
    </ClCompile>
    <ClCompile Include="..\Common\fuzzy\FuzzySet_Triangle.cpp">
      <Filter>Source Files</Filter>
    </ClCompile>
    <ClCompile Include="..\Common\fuzzy\FuzzyVariable.cpp">
      <Filter>Source Files</Filter>
    </ClCompile>
    <ClCompile Include="..\Common\Game\BaseGameEntity.cpp">
      <Filter>Source Files</Filter>
    </ClCompile>
    <ClCompile Include="..\Common\Game\EntityManager.cpp">
      <Filter>Source Files</Filter>
    </ClCompile>
    <ClCompile Include="..\Common\Messaging\MessageDispatcher.cpp">
      <Filter>Source Files</Filter>
    </ClCompile>
    <ClCompile Include="..\Common\misc\Cgdi.cpp">
      <Filter>Source Files</Filter>
    </ClCompile>
    <ClCompile Include="..\Common\misc\FrameCounter.cpp">
      <Filter>Source Files</Filter>
    </ClCompile>
    <ClCompile Include="..\Common\misc\WindowUtils.cpp">
      <Filter>Source Files</Filter>
    </ClCompile>
    <ClCompile Include="..\Common\Time\CrudeTimer.cpp">
      <Filter>Source Files</Filter>
    </ClCompile>
    <ClCompile Include="..\Common\Time\PrecisionTimer.cpp">
      <Filter>Source Files</Filter>
    </ClCompile>
    <ClCompile Include="armory\Projectile_Bolt.cpp">
      <Filter>Source Files</Filter>
    </ClCompile>
    <ClCompile Include="armory\Projectile_Pellet.cpp">
      <Filter>Source Files</Filter>
    </ClCompile>
    <ClCompile Include="armory\Projectile_Rocket.cpp">
      <Filter>Source Files</Filter>
    </ClCompile>
    <ClCompile Include="armory\Projectile_Slug.cpp">
      <Filter>Source Files</Filter>
    </ClCompile>
    <ClCompile Include="armory\Raven_Projectile.cpp">
      <Filter>Source Files</Filter>
    </ClCompile>
    <ClCompile Include="armory\Raven_Weapon.cpp">
      <Filter>Source Files</Filter>
    </ClCompile>
    <ClCompile Include="armory\Weapon_Blaster.cpp">
      <Filter>Source Files</Filter>
    </ClCompile>
    <ClCompile Include="armory\Weapon_RailGun.cpp">
      <Filter>Source Files</Filter>
    </ClCompile>
    <ClCompile Include="armory\Weapon_RocketLauncher.cpp">
      <Filter>Source Files</Filter>
    </ClCompile>
    <ClCompile Include="armory\Weapon_ShotGun.cpp">
      <Filter>Source Files</Filter>
    </ClCompile>
    <ClCompile Include="goals\AttackTargetGoal_Evaluator.cpp">
      <Filter>Source Files</Filter>
    </ClCompile>
    <ClCompile Include="goals\ExploreGoal_Evaluator.cpp">
      <Filter>Source Files</Filter>
    </ClCompile>
    <ClCompile Include="goals\GetHealthGoal_Evaluator.cpp">
      <Filter>Source Files</Filter>
    </ClCompile>
    <ClCompile Include="goals\GetWeaponGoal_Evaluator.cpp">
      <Filter>Source Files</Filter>
    </ClCompile>
    <ClCompile Include="goals\Goal_AdjustRange.cpp">
      <Filter>Source Files</Filter>
    </ClCompile>
    <ClCompile Include="goals\Goal_AttackTarget.cpp">
      <Filter>Source Files</Filter>
    </ClCompile>
    <ClCompile Include="goals\Goal_DodgeSideToSide.cpp">
      <Filter>Source Files</Filter>
    </ClCompile>
    <ClCompile Include="goals\Goal_Explore.cpp">
      <Filter>Source Files</Filter>
    </ClCompile>
    <ClCompile Include="goals\Goal_FollowPath.cpp">
      <Filter>Source Files</Filter>
    </ClCompile>
    <ClCompile Include="goals\Goal_GetItem.cpp">
      <Filter>Source Files</Filter>
    </ClCompile>
    <ClCompile Include="goals\Goal_HuntTarget.cpp">
      <Filter>Source Files</Filter>
    </ClCompile>
    <ClCompile Include="goals\Goal_MoveToPosition.cpp">
      <Filter>Source Files</Filter>
    </ClCompile>
    <ClCompile Include="goals\Goal_NegotiateDoor.cpp">
      <Filter>Source Files</Filter>
    </ClCompile>
    <ClCompile Include="goals\Goal_SayPhrase.cpp">
      <Filter>Source Files</Filter>
    </ClCompile>
    <ClCompile Include="goals\Goal_SeekToPosition.cpp">
      <Filter>Source Files</Filter>
    </ClCompile>
    <ClCompile Include="goals\Goal_Think.cpp">
      <Filter>Source Files</Filter>
    </ClCompile>
    <ClCompile Include="goals\Goal_TraverseEdge.cpp">
      <Filter>Source Files</Filter>
    </ClCompile>
    <ClCompile Include="goals\Goal_Wander.cpp">
      <Filter>Source Files</Filter>
    </ClCompile>
    <ClCompile Include="goals\Raven_Feature.cpp">
      <Filter>Source Files</Filter>
    </ClCompile>
    <ClCompile Include="goals\Raven_Goal_Types.cpp">
      <Filter>Source Files</Filter>
    </ClCompile>
    <ClCompile Include="GraveMarkers.cpp">
      <Filter>Source Files</Filter>
    </ClCompile>
    <ClCompile Include="lua\Raven_Scriptor.cpp">
      <Filter>Source Files</Filter>
    </ClCompile>
    <ClCompile Include="main.cpp">
      <Filter>Source Files</Filter>
    </ClCompile>
    <ClCompile Include="navigation\Raven_PathPlanner.cpp">
      <Filter>Source Files</Filter>
    </ClCompile>
    <ClCompile Include="Raven_Bot.cpp">
      <Filter>Source Files</Filter>
    </ClCompile>
    <ClCompile Include="Raven_Door.cpp">
      <Filter>Source Files</Filter>
    </ClCompile>
    <ClCompile Include="Raven_Game.cpp">
      <Filter>Source Files</Filter>
    </ClCompile>
    <ClCompile Include="Raven_Map.cpp">
      <Filter>Source Files</Filter>
    </ClCompile>
    <ClCompile Include="Raven_SensoryMemory.cpp">
      <Filter>Source Files</Filter>
    </ClCompile>
    <ClCompile Include="Raven_SteeringBehaviors.cpp">
      <Filter>Source Files</Filter>
    </ClCompile>
    <ClCompile Include="Raven_TargetingSystem.cpp">
      <Filter>Source Files</Filter>
    </ClCompile>
    <ClCompile Include="Raven_UserOptions.cpp">
      <Filter>Source Files</Filter>
    </ClCompile>
    <ClCompile Include="Raven_WeaponSystem.cpp">
      <Filter>Source Files</Filter>
    </ClCompile>
    <ClCompile Include="triggers\Trigger_HealthGiver.cpp">
      <Filter>Source Files</Filter>
    </ClCompile>
    <ClCompile Include="triggers\Trigger_SoundNotify.cpp">
      <Filter>Source Files</Filter>
    </ClCompile>
    <ClCompile Include="triggers\Trigger_WeaponGiver.cpp">
      <Filter>Source Files</Filter>
    </ClCompile>
  </ItemGroup>
  <ItemGroup>
    <ClInclude Include="..\Common\2D\C2DMatrix.h">
      <Filter>Header Files</Filter>
    </ClInclude>
    <ClInclude Include="..\Common\2D\geometry.h">
      <Filter>Header Files</Filter>
    </ClInclude>
    <ClInclude Include="..\Common\2D\InvertedAABBox2D.h">
      <Filter>Header Files</Filter>
    </ClInclude>
    <ClInclude Include="..\Common\2D\Transformations.h">
      <Filter>Header Files</Filter>
    </ClInclude>
    <ClInclude Include="..\Common\2D\Vector2D.h">
      <Filter>Header Files</Filter>
    </ClInclude>
    <ClInclude Include="..\Common\2D\Wall2D.h">
      <Filter>Header Files</Filter>
    </ClInclude>
    <ClInclude Include="..\Common\2D\WallIntersectionTests.h">
      <Filter>Header Files</Filter>
    </ClInclude>
    <ClInclude Include="..\Common\Debug\DebugConsole.h">
      <Filter>Header Files</Filter>
    </ClInclude>
    <ClInclude Include="..\Common\fuzzy\FuzzyHedges.h">
      <Filter>Header Files</Filter>
    </ClInclude>
    <ClInclude Include="..\Common\fuzzy\FuzzyModule.h">
      <Filter>Header Files</Filter>
    </ClInclude>
    <ClInclude Include="..\Common\fuzzy\FuzzyOperators.h">
      <Filter>Header Files</Filter>
    </ClInclude>
    <ClInclude Include="..\Common\fuzzy\FuzzyRule.h">
      <Filter>Header Files</Filter>
    </ClInclude>
    <ClInclude Include="..\Common\fuzzy\FuzzySet.h">
      <Filter>Header Files</Filter>
    </ClInclude>
    <ClInclude Include="..\Common\fuzzy\FuzzySet_LeftShoulder.h">
      <Filter>Header Files</Filter>
    </ClInclude>
    <ClInclude Include="..\Common\fuzzy\FuzzySet_RightShoulder.h">
      <Filter>Header Files</Filter>
    </ClInclude>
    <ClInclude Include="..\Common\fuzzy\FuzzySet_Shoulder.h">
      <Filter>Header Files</Filter>
    </ClInclude>
    <ClInclude Include="..\Common\fuzzy\FuzzySet_Singleton.h">
      <Filter>Header Files</Filter>
    </ClInclude>
    <ClInclude Include="..\Common\fuzzy\FuzzySet_Triangle.h">
      <Filter>Header Files</Filter>
    </ClInclude>
    <ClInclude Include="..\Common\fuzzy\FuzzyTerm.h">
      <Filter>Header Files</Filter>
    </ClInclude>
    <ClInclude Include="..\Common\fuzzy\FuzzyVariable.h">
      <Filter>Header Files</Filter>
    </ClInclude>
    <ClInclude Include="..\Common\fuzzy\FzSet.h">
      <Filter>Header Files</Filter>
    </ClInclude>
    <ClInclude Include="..\Common\Game\BaseGameEntity.h">
      <Filter>Header Files</Filter>
    </ClInclude>
    <ClInclude Include="..\Common\Game\EntityFunctionTemplates.h">
      <Filter>Header Files</Filter>
    </ClInclude>
    <ClInclude Include="..\Common\Game\EntityManager.h">
      <Filter>Header Files</Filter>
    </ClInclude>
    <ClInclude Include="..\Common\Game\MovingEntity.h">
      <Filter>Header Files</Filter>
    </ClInclude>
    <ClInclude Include="..\Common\Goals\Goal.h">
      <Filter>Header Files</Filter>
    </ClInclude>
    <ClInclude Include="..\Common\Goals\Goal_Composite.h">
      <Filter>Header Files</Filter>
    </ClInclude>
    <ClInclude Include="..\Common\Graph\AStarHeuristicPolicies.h">
      <Filter>Header Files</Filter>
    </ClInclude>
    <ClInclude Include="..\Common\Graph\GraphAlgorithms.h">
      <Filter>Header Files</Filter>
    </ClInclude>
    <ClInclude Include="..\Common\Graph\GraphEdgeTypes.h">
      <Filter>Header Files</Filter>
    </ClInclude>
    <ClInclude Include="..\Common\Graph\GraphNodeTypes.h">
      <Filter>Header Files</Filter>
    </ClInclude>
    <ClInclude Include="..\Common\Graph\HandyGraphFunctions.h">
      <Filter>Header Files</Filter>
    </ClInclude>
    <ClInclude Include="..\Common\Graph\NodeTypeEnumerations.h">
      <Filter>Header Files</Filter>
    </ClInclude>
    <ClInclude Include="..\Common\Graph\SparseGraph.h">
      <Filter>Header Files</Filter>
    </ClInclude>
    <ClInclude Include="..\Common\lua-5.0\include\lauxlib.h">
      <Filter>Header Files</Filter>
    </ClInclude>
    <ClInclude Include="..\Common\lua-5.0\include\lua.h">
      <Filter>Header Files</Filter>
    </ClInclude>
    <ClInclude Include="..\Common\lua-5.0\include\LuaHelperFunctions.h">
      <Filter>Header Files</Filter>
    </ClInclude>
    <ClInclude Include="..\Common\lua-5.0\include\lualib.h">
      <Filter>Header Files</Filter>
    </ClInclude>
    <ClInclude Include="..\Common\Messaging\MessageDispatcher.h">
      <Filter>Header Files</Filter>
    </ClInclude>
    <ClInclude Include="..\Common\Messaging\Telegram.h">
      <Filter>Header Files</Filter>
    </ClInclude>
    <ClInclude Include="..\Common\misc\CellSpacePartition.h">
      <Filter>Header Files</Filter>
    </ClInclude>
    <ClInclude Include="..\Common\misc\Cgdi.h">
      <Filter>Header Files</Filter>
    </ClInclude>
    <ClInclude Include="..\Common\misc\FrameCounter.h">
      <Filter>Header Files</Filter>
    </ClInclude>
    <ClInclude Include="..\Common\misc\PriorityQueue.h">
      <Filter>Header Files</Filter>
    </ClInclude>
    <ClInclude Include="..\Common\misc\Stream_Utility_Functions.h">
      <Filter>Header Files</Filter>
    </ClInclude>
    <ClInclude Include="..\Common\misc\utils.h">
      <Filter>Header Files</Filter>
    </ClInclude>
    <ClInclude Include="..\Common\misc\WindowUtils.h">
      <Filter>Header Files</Filter>
    </ClInclude>
    <ClInclude Include="..\Common\PriorityQueue.h">
      <Filter>Header Files</Filter>
    </ClInclude>
    <ClInclude Include="..\Common\script\Scriptor.h">
      <Filter>Header Files</Filter>
    </ClInclude>
    <ClInclude Include="..\Common\Time\CrudeTimer.h">
      <Filter>Header Files</Filter>
    </ClInclude>
    <ClInclude Include="..\Common\Time\PrecisionTimer.h">
      <Filter>Header Files</Filter>
    </ClInclude>
    <ClInclude Include="..\Common\Time\Regulator.h">
      <Filter>Header Files</Filter>
    </ClInclude>
    <ClInclude Include="..\Common\Triggers\Trigger.h">
      <Filter>Header Files</Filter>
    </ClInclude>
    <ClInclude Include="..\Common\Triggers\TriggerRegion.h">
      <Filter>Header Files</Filter>
    </ClInclude>
    <ClInclude Include="..\Common\Triggers\TriggerSystem.h">
      <Filter>Header Files</Filter>
    </ClInclude>
    <ClInclude Include="..\Common\Triggers\Trigger_LimitedLifeTime.h">
      <Filter>Header Files</Filter>
    </ClInclude>
    <ClInclude Include="..\Common\Triggers\Trigger_ReSpawning.h">
      <Filter>Header Files</Filter>
    </ClInclude>
    <ClInclude Include="armory\Projectile_Bolt.h">
      <Filter>Header Files</Filter>
    </ClInclude>
    <ClInclude Include="armory\Projectile_Pellet.h">
      <Filter>Header Files</Filter>
    </ClInclude>
    <ClInclude Include="armory\Projectile_Rocket.h">
      <Filter>Header Files</Filter>
    </ClInclude>
    <ClInclude Include="armory\Projectile_Slug.h">
      <Filter>Header Files</Filter>
    </ClInclude>
    <ClInclude Include="armory\Raven_Projectile.h">
      <Filter>Header Files</Filter>
    </ClInclude>
    <ClInclude Include="armory\Raven_Weapon.h">
      <Filter>Header Files</Filter>
    </ClInclude>
    <ClInclude Include="armory\Weapon_Blaster.h">
      <Filter>Header Files</Filter>
    </ClInclude>
    <ClInclude Include="armory\Weapon_RailGun.h">
      <Filter>Header Files</Filter>
    </ClInclude>
    <ClInclude Include="armory\Weapon_RocketLauncher.h">
      <Filter>Header Files</Filter>
    </ClInclude>
    <ClInclude Include="armory\Weapon_ShotGun.h">
      <Filter>Header Files</Filter>
    </ClInclude>
    <ClInclude Include="constants.h">
      <Filter>Header Files</Filter>
    </ClInclude>
    <ClInclude Include="goals\AttackTargetGoal_Evaluator.h">
      <Filter>Header Files</Filter>
    </ClInclude>
    <ClInclude Include="goals\ExploreGoal_Evaluator.h">
      <Filter>Header Files</Filter>
    </ClInclude>
    <ClInclude Include="goals\GetHealthGoal_Evaluator.h">
      <Filter>Header Files</Filter>
    </ClInclude>
    <ClInclude Include="goals\GetWeaponGoal_Evaluator.h">
      <Filter>Header Files</Filter>
    </ClInclude>
    <ClInclude Include="goals\Goal_AdjustRange.h">
      <Filter>Header Files</Filter>
    </ClInclude>
    <ClInclude Include="goals\Goal_AttackTarget.h">
      <Filter>Header Files</Filter>
    </ClInclude>
    <ClInclude Include="goals\Goal_DodgeSideToSide.h">
      <Filter>Header Files</Filter>
    </ClInclude>
    <ClInclude Include="goals\Goal_Evaluator.h">
      <Filter>Header Files</Filter>
    </ClInclude>
    <ClInclude Include="goals\Goal_Explore.h">
      <Filter>Header Files</Filter>
    </ClInclude>
    <ClInclude Include="goals\Goal_FollowPath.h">
      <Filter>Header Files</Filter>
    </ClInclude>
    <ClInclude Include="goals\Goal_GetItem.h">
      <Filter>Header Files</Filter>
    </ClInclude>
    <ClInclude Include="goals\Goal_HuntTarget.h">
      <Filter>Header Files</Filter>
    </ClInclude>
    <ClInclude Include="goals\Goal_MoveToPosition.h">
      <Filter>Header Files</Filter>
    </ClInclude>
    <ClInclude Include="goals\Goal_NegotiateDoor.h">
      <Filter>Header Files</Filter>
    </ClInclude>
    <ClInclude Include="goals\Goal_SayPhrase.h">
      <Filter>Header Files</Filter>
    </ClInclude>
    <ClInclude Include="goals\Goal_SeekToPosition.h">
      <Filter>Header Files</Filter>
    </ClInclude>
    <ClInclude Include="goals\Goal_Think.h">
      <Filter>Header Files</Filter>
    </ClInclude>
    <ClInclude Include="goals\Goal_TraverseEdge.h">
      <Filter>Header Files</Filter>
    </ClInclude>
    <ClInclude Include="goals\Goal_Wander.h">
      <Filter>Header Files</Filter>
    </ClInclude>
    <ClInclude Include="goals\Raven_Feature.h">
      <Filter>Header Files</Filter>
    </ClInclude>
    <ClInclude Include="goals\Raven_Goal_Types.h">
      <Filter>Header Files</Filter>
    </ClInclude>
    <ClInclude Include="GraveMarkers.h">
      <Filter>Header Files</Filter>
    </ClInclude>
    <ClInclude Include="lua\Raven_Scriptor.h">
      <Filter>Header Files</Filter>
    </ClInclude>
    <ClInclude Include="navigation\PathEdge.h">
      <Filter>Header Files</Filter>
    </ClInclude>
    <ClInclude Include="navigation\PathManager.h">
      <Filter>Header Files</Filter>
    </ClInclude>
    <ClInclude Include="navigation\Raven_PathPlanner.h">
      <Filter>Header Files</Filter>
    </ClInclude>
    <ClInclude Include="navigation\SearchTerminationPolicies.h">
      <Filter>Header Files</Filter>
    </ClInclude>
    <ClInclude Include="navigation\TimeSlicedGraphAlgorithms.h">
      <Filter>Header Files</Filter>
    </ClInclude>
    <ClInclude Include="Raven_Bot.h">
      <Filter>Header Files</Filter>
    </ClInclude>
    <ClInclude Include="Raven_Door.h">
      <Filter>Header Files</Filter>
    </ClInclude>
    <ClInclude Include="Raven_Game.h">
      <Filter>Header Files</Filter>
    </ClInclude>
    <ClInclude Include="Raven_Map.h">
      <Filter>Header Files</Filter>
    </ClInclude>
    <ClInclude Include="Raven_Messages.h">
      <Filter>Header Files</Filter>
    </ClInclude>
    <ClInclude Include="Raven_ObjectEnumerations.h">
      <Filter>Header Files</Filter>
    </ClInclude>
    <ClInclude Include="Raven_SensoryMemory.h">
      <Filter>Header Files</Filter>
    </ClInclude>
    <ClInclude Include="Raven_SteeringBehaviors.h">
      <Filter>Header Files</Filter>
    </ClInclude>
    <ClInclude Include="Raven_TargetingSystem.h">
      <Filter>Header Files</Filter>
    </ClInclude>
    <ClInclude Include="Raven_UserOptions.h">
      <Filter>Header Files</Filter>
    </ClInclude>
    <ClInclude Include="Raven_WeaponSystem.h">
      <Filter>Header Files</Filter>
    </ClInclude>
    <ClInclude Include="resource.h">
      <Filter>Header Files</Filter>
    </ClInclude>
    <ClInclude Include="triggers\Trigger_HealthGiver.h">
      <Filter>Header Files</Filter>
    </ClInclude>
    <ClInclude Include="triggers\Trigger_OnButtonSendMsg.h">
      <Filter>Header Files</Filter>
    </ClInclude>
    <ClInclude Include="triggers\Trigger_SoundNotify.h">
      <Filter>Header Files</Filter>
    </ClInclude>
    <ClInclude Include="triggers\Trigger_WeaponGiver.h">
      <Filter>Header Files</Filter>
    </ClInclude>
  </ItemGroup>
  <ItemGroup>
    <CustomBuild Include="maps\Raven_DM1.map" />
    <CustomBuild Include="maps\Raven_DM1_Doors.map" />
    <CustomBuild Include="Params.lua" />
  </ItemGroup>
  <ItemGroup>
    <ResourceCompile Include="Script1.rc">
      <Filter>Resource Files</Filter>
    </ResourceCompile>
  </ItemGroup>
  <ItemGroup>
    <Text Include="note.txt" />
  </ItemGroup>
</Project>